
Microsoft Visual Studio Solution File, Format Version 12.00
Project("{FAE04EC0-301F-11D3-BF4B-00C04F79EFBC}") = "BlazorWeb", "BlazorWeb\BlazorWeb.csproj", "{2502CE1F-CD23-47A9-AB9A-2EE56CDAF593}"
EndProject
Global
	GlobalSection(SolutionConfigurationPlatforms) = preSolution
		Debug|Any CPU = Debug|Any CPU
		Release|Any CPU = Release|Any CPU
	EndGlobalSection
	GlobalSection(ProjectConfigurationPlatforms) = postSolution
		{2502CE1F-CD23-47A9-AB9A-2EE56CDAF593}.Debug|Any CPU.ActiveCfg = Debug|Any CPU
		{2502CE1F-CD23-47A9-AB9A-2EE56CDAF593}.Debug|Any CPU.Build.0 = Debug|Any CPU
		{2502CE1F-CD23-47A9-AB9A-2EE56CDAF593}.Release|Any CPU.ActiveCfg = Release|Any CPU
		{2502CE1F-CD23-47A9-AB9A-2EE56CDAF593}.Release|Any CPU.Build.0 = Release|Any CPU
	EndGlobalSection
EndGlobal
